
Microsoft Visual Studio Solution File, Format Version 12.00
# Visual Studio Version 17
VisualStudioVersion = 17.5.002.0
MinimumVisualStudioVersion = 10.0.40219.1
Project("{9A19103F-16F7-4668-BE54-9A1E7A4F7556}") = "Belajar-OOP-CS", "Belajar-OOP-CS.csproj", "{795485A6-5F88-4870-B8B5-8290824A3CF4}"
EndProject
Global
	GlobalSection(SolutionConfigurationPlatforms) = preSolution
		Debug|Any CPU = Debug|Any CPU
		Release|Any CPU = Release|Any CPU
	EndGlobalSection
	GlobalSection(ProjectConfigurationPlatforms) = postSolution
		{795485A6-5F88-4870-B8B5-8290824A3CF4}.Debug|Any CPU.ActiveCfg = Debug|Any CPU
		{795485A6-5F88-4870-B8B5-8290824A3CF4}.Debug|Any CPU.Build.0 = Debug|Any CPU
		{795485A6-5F88-4870-B8B5-8290824A3CF4}.Release|Any CPU.ActiveCfg = Release|Any CPU
		{795485A6-5F88-4870-B8B5-8290824A3CF4}.Release|Any CPU.Build.0 = Release|Any CPU
	EndGlobalSection
	GlobalSection(SolutionProperties) = preSolution
		HideSolutionNode = FALSE
	EndGlobalSection
	GlobalSection(ExtensibilityGlobals) = postSolution
		SolutionGuid = {762D5FA9-51AB-4414-A364-318D7D4D6857}
	EndGlobalSection
EndGlobal
